// !$*UTF8*$!
{
	archiveVersion = 1;
	classes = {
	};
	objectVersion = 77;
	objects = {

/* Begin PBXBuildFile section */
		FD22C4B42EA40D9E00E88B83 /* WidgetKit.framework in Frameworks */ = {isa = PBXBuildFile; fileRef = FD22C4B32EA40D9E00E88B83 /* WidgetKit.framework */; };
		FD22C4B62EA40D9E00E88B83 /* SwiftUI.framework in Frameworks */ = {isa = PBXBuildFile; fileRef = FD22C4B52EA40D9E00E88B83 /* SwiftUI.framework */; };
		FD22C4C52EA40DA000E88B83 /* SimpleFocusWidgetExtension.appex in Embed Foundation Extensions */ = {isa = PBXBuildFile; fileRef = FD22C4B12EA40D9E00E88B83 /* SimpleFocusWidgetExtension.appex */; settings = {ATTRIBUTES = (RemoveHeadersOnCopy, ); }; };
/* End PBXBuildFile section */

/* Begin PBXContainerItemProxy section */
		FD22C46D2EA2D3AB00E88B83 /* PBXContainerItemProxy */ = {
			isa = PBXContainerItemProxy;
			containerPortal = FD22C4572EA2D3A900E88B83 /* Project object */;
			proxyType = 1;
			remoteGlobalIDString = FD22C45E2EA2D3A900E88B83;
			remoteInfo = SimpleFocus;
		};
		FD22C4772EA2D3AB00E88B83 /* PBXContainerItemProxy */ = {
			isa = PBXContainerItemProxy;
			containerPortal = FD22C4572EA2D3A900E88B83 /* Project object */;
			proxyType = 1;
			remoteGlobalIDString = FD22C45E2EA2D3A900E88B83;
			remoteInfo = SimpleFocus;
		};
		FD22C4C32EA40DA000E88B83 /* PBXContainerItemProxy */ = {
			isa = PBXContainerItemProxy;
			containerPortal = FD22C4572EA2D3A900E88B83 /* Project object */;
			proxyType = 1;
			remoteGlobalIDString = FD22C4B02EA40D9E00E88B83;
			remoteInfo = SimpleFocusWidgetExtension;
		};
/* End PBXContainerItemProxy section */

/* Begin PBXCopyFilesBuildPhase section */
		FD22C4CA2EA40DA000E88B83 /* Embed Foundation Extensions */ = {
			isa = PBXCopyFilesBuildPhase;
			buildActionMask = 2147483647;
			dstPath = "";
			dstSubfolderSpec = 13;
			files = (
				FD22C4C52EA40DA000E88B83 /* SimpleFocusWidgetExtension.appex in Embed Foundation Extensions */,
			);
			name = "Embed Foundation Extensions";
			runOnlyForDeploymentPostprocessing = 0;
		};
/* End PBXCopyFilesBuildPhase section */

/* Begin PBXFileReference section */
		FD22C45F2EA2D3A900E88B83 /* SimpleFocus.app */ = {isa = PBXFileReference; explicitFileType = wrapper.application; includeInIndex = 0; path = SimpleFocus.app; sourceTree = BUILT_PRODUCTS_DIR; };
		FD22C46C2EA2D3AB00E88B83 /* SimpleFocusTests.xctest */ = {isa = PBXFileReference; explicitFileType = wrapper.cfbundle; includeInIndex = 0; path = SimpleFocusTests.xctest; sourceTree = BUILT_PRODUCTS_DIR; };
		FD22C4762EA2D3AB00E88B83 /* SimpleFocusUITests.xctest */ = {isa = PBXFileReference; explicitFileType = wrapper.cfbundle; includeInIndex = 0; path = SimpleFocusUITests.xctest; sourceTree = BUILT_PRODUCTS_DIR; };
		FD22C4B12EA40D9E00E88B83 /* SimpleFocusWidgetExtension.appex */ = {isa = PBXFileReference; explicitFileType = "wrapper.app-extension"; includeInIndex = 0; path = SimpleFocusWidgetExtension.appex; sourceTree = BUILT_PRODUCTS_DIR; };
		FD22C4B32EA40D9E00E88B83 /* WidgetKit.framework */ = {isa = PBXFileReference; lastKnownFileType = wrapper.framework; name = WidgetKit.framework; path = System/Library/Frameworks/WidgetKit.framework; sourceTree = SDKROOT; };
		FD22C4B52EA40D9E00E88B83 /* SwiftUI.framework */ = {isa = PBXFileReference; lastKnownFileType = wrapper.framework; name = SwiftUI.framework; path = System/Library/Frameworks/SwiftUI.framework; sourceTree = SDKROOT; };
		FD22C4D02EA4103B00E88B83 /* SimpleFocusWidgetExtension.entitlements */ = {isa = PBXFileReference; lastKnownFileType = text.plist.entitlements; path = SimpleFocusWidgetExtension.entitlements; sourceTree = "<group>"; };
/* End PBXFileReference section */

/* Begin PBXFileSystemSynchronizedBuildFileExceptionSet section */
		FD22C4C62EA40DA000E88B83 /* Exceptions for "SimpleFocusWidget" folder in "SimpleFocusWidgetExtension" target */ = {
			isa = PBXFileSystemSynchronizedBuildFileExceptionSet;
			membershipExceptions = (
				Info.plist,
			);
			target = FD22C4B02EA40D9E00E88B83 /* SimpleFocusWidgetExtension */;
		};
		FD22C4D22EA4121200E88B83 /* Exceptions for "SimpleFocus" folder in "SimpleFocusWidgetExtension" target */ = {
			isa = PBXFileSystemSynchronizedBuildFileExceptionSet;
			membershipExceptions = (
				Models/TaskItem.swift,
				Policies/AppGroup.swift,
				Policies/TaskLimit.swift,
				Services/CelebrationProvider.swift,
				Services/EncouragementProvider.swift,
				Stores/TaskStore.swift,
				Widget/TaskWidgetTimelineBuilder.swift,
			);
			target = FD22C4B02EA40D9E00E88B83 /* SimpleFocusWidgetExtension */;
		};
/* End PBXFileSystemSynchronizedBuildFileExceptionSet section */

/* Begin PBXFileSystemSynchronizedRootGroup section */
		FD22C4612EA2D3A900E88B83 /* SimpleFocus */ = {
			isa = PBXFileSystemSynchronizedRootGroup;
			exceptions = (
				FD22C4D22EA4121200E88B83 /* Exceptions for "SimpleFocus" folder in "SimpleFocusWidgetExtension" target */,
			);
			path = SimpleFocus;
			sourceTree = "<group>";
		};
		FD22C46F2EA2D3AB00E88B83 /* SimpleFocusTests */ = {
			isa = PBXFileSystemSynchronizedRootGroup;
			path = SimpleFocusTests;
			sourceTree = "<group>";
		};
		FD22C4792EA2D3AB00E88B83 /* SimpleFocusUITests */ = {
			isa = PBXFileSystemSynchronizedRootGroup;
			path = SimpleFocusUITests;
			sourceTree = "<group>";
		};
		FD22C4B72EA40D9E00E88B83 /* SimpleFocusWidget */ = {
			isa = PBXFileSystemSynchronizedRootGroup;
			exceptions = (
				FD22C4C62EA40DA000E88B83 /* Exceptions for "SimpleFocusWidget" folder in "SimpleFocusWidgetExtension" target */,
			);
			path = SimpleFocusWidget;
			sourceTree = "<group>";
		};
/* End PBXFileSystemSynchronizedRootGroup section */

/* Begin PBXFrameworksBuildPhase section */
		FD22C45C2EA2D3A900E88B83 /* Frameworks */ = {
			isa = PBXFrameworksBuildPhase;
			buildActionMask = 2147483647;
			files = (
			);
			runOnlyForDeploymentPostprocessing = 0;
		};
		FD22C4692EA2D3AB00E88B83 /* Frameworks */ = {
			isa = PBXFrameworksBuildPhase;
			buildActionMask = 2147483647;
			files = (
			);
			runOnlyForDeploymentPostprocessing = 0;
		};
		FD22C4732EA2D3AB00E88B83 /* Frameworks */ = {
			isa = PBXFrameworksBuildPhase;
			buildActionMask = 2147483647;
			files = (
			);
			runOnlyForDeploymentPostprocessing = 0;
		};
		FD22C4AE2EA40D9E00E88B83 /* Frameworks */ = {
			isa = PBXFrameworksBuildPhase;
			buildActionMask = 2147483647;
			files = (
				FD22C4B62EA40D9E00E88B83 /* SwiftUI.framework in Frameworks */,
				FD22C4B42EA40D9E00E88B83 /* WidgetKit.framework in Frameworks */,
			);
			runOnlyForDeploymentPostprocessing = 0;
		};
/* End PBXFrameworksBuildPhase section */

/* Begin PBXGroup section */
		FD22C4562EA2D3A900E88B83 = {
			isa = PBXGroup;
			children = (
				FD22C4D02EA4103B00E88B83 /* SimpleFocusWidgetExtension.entitlements */,
				FD22C4612EA2D3A900E88B83 /* SimpleFocus */,
				FD22C46F2EA2D3AB00E88B83 /* SimpleFocusTests */,
				FD22C4792EA2D3AB00E88B83 /* SimpleFocusUITests */,
				FD22C4B72EA40D9E00E88B83 /* SimpleFocusWidget */,
				FD22C4B22EA40D9E00E88B83 /* Frameworks */,
				FD22C4602EA2D3A900E88B83 /* Products */,
			);
			sourceTree = "<group>";
		};
		FD22C4602EA2D3A900E88B83 /* Products */ = {
			isa = PBXGroup;
			children = (
				FD22C45F2EA2D3A900E88B83 /* SimpleFocus.app */,
				FD22C46C2EA2D3AB00E88B83 /* SimpleFocusTests.xctest */,
				FD22C4762EA2D3AB00E88B83 /* SimpleFocusUITests.xctest */,
				FD22C4B12EA40D9E00E88B83 /* SimpleFocusWidgetExtension.appex */,
			);
			name = Products;
			sourceTree = "<group>";
		};
		FD22C4B22EA40D9E00E88B83 /* Frameworks */ = {
			isa = PBXGroup;
			children = (
				FD22C4B32EA40D9E00E88B83 /* WidgetKit.framework */,
				FD22C4B52EA40D9E00E88B83 /* SwiftUI.framework */,
			);
			name = Frameworks;
			sourceTree = "<group>";
		};
/* End PBXGroup section */

/* Begin PBXNativeTarget section */
		FD22C45E2EA2D3A900E88B83 /* SimpleFocus */ = {
			isa = PBXNativeTarget;
			buildConfigurationList = FD22C4802EA2D3AB00E88B83 /* Build configuration list for PBXNativeTarget "SimpleFocus" */;
			buildPhases = (
				FD22C45B2EA2D3A900E88B83 /* Sources */,
				FD22C45C2EA2D3A900E88B83 /* Frameworks */,
				FD22C45D2EA2D3A900E88B83 /* Resources */,
				FD22C4CA2EA40DA000E88B83 /* Embed Foundation Extensions */,
			);
			buildRules = (
			);
			dependencies = (
				FD22C4C42EA40DA000E88B83 /* PBXTargetDependency */,
			);
			fileSystemSynchronizedGroups = (
				FD22C4612EA2D3A900E88B83 /* SimpleFocus */,
				FD22C4B72EA40D9E00E88B83 /* SimpleFocusWidget */,
			);
			name = SimpleFocus;
			packageProductDependencies = (
			);
			productName = SimpleFocus;
			productReference = FD22C45F2EA2D3A900E88B83 /* SimpleFocus.app */;
			productType = "com.apple.product-type.application";
		};
		FD22C46B2EA2D3AB00E88B83 /* SimpleFocusTests */ = {
			isa = PBXNativeTarget;
			buildConfigurationList = FD22C4832EA2D3AB00E88B83 /* Build configuration list for PBXNativeTarget "SimpleFocusTests" */;
			buildPhases = (
				FD22C4682EA2D3AB00E88B83 /* Sources */,
				FD22C4692EA2D3AB00E88B83 /* Frameworks */,
				FD22C46A2EA2D3AB00E88B83 /* Resources */,
			);
			buildRules = (
			);
			dependencies = (
				FD22C46E2EA2D3AB00E88B83 /* PBXTargetDependency */,
			);
			fileSystemSynchronizedGroups = (
				FD22C46F2EA2D3AB00E88B83 /* SimpleFocusTests */,
			);
			name = SimpleFocusTests;
			packageProductDependencies = (
			);
			productName = SimpleFocusTests;
			productReference = FD22C46C2EA2D3AB00E88B83 /* SimpleFocusTests.xctest */;
			productType = "com.apple.product-type.bundle.unit-test";
		};
		FD22C4752EA2D3AB00E88B83 /* SimpleFocusUITests */ = {
			isa = PBXNativeTarget;
			buildConfigurationList = FD22C4862EA2D3AB00E88B83 /* Build configuration list for PBXNativeTarget "SimpleFocusUITests" */;
			buildPhases = (
				FD22C4722EA2D3AB00E88B83 /* Sources */,
				FD22C4732EA2D3AB00E88B83 /* Frameworks */,
				FD22C4742EA2D3AB00E88B83 /* Resources */,
			);
			buildRules = (
			);
			dependencies = (
				FD22C4782EA2D3AB00E88B83 /* PBXTargetDependency */,
			);
			fileSystemSynchronizedGroups = (
				FD22C4792EA2D3AB00E88B83 /* SimpleFocusUITests */,
			);
			name = SimpleFocusUITests;
			packageProductDependencies = (
			);
			productName = SimpleFocusUITests;
			productReference = FD22C4762EA2D3AB00E88B83 /* SimpleFocusUITests.xctest */;
			productType = "com.apple.product-type.bundle.ui-testing";
		};
		FD22C4B02EA40D9E00E88B83 /* SimpleFocusWidgetExtension */ = {
			isa = PBXNativeTarget;
			buildConfigurationList = FD22C4C72EA40DA000E88B83 /* Build configuration list for PBXNativeTarget "SimpleFocusWidgetExtension" */;
			buildPhases = (
				FD22C4AD2EA40D9E00E88B83 /* Sources */,
				FD22C4AE2EA40D9E00E88B83 /* Frameworks */,
				FD22C4AF2EA40D9E00E88B83 /* Resources */,
			);
			buildRules = (
			);
			dependencies = (
			);
			fileSystemSynchronizedGroups = (
				FD22C4B72EA40D9E00E88B83 /* SimpleFocusWidget */,
			);
			name = SimpleFocusWidgetExtension;
			packageProductDependencies = (
			);
			productName = SimpleFocusWidgetExtension;
			productReference = FD22C4B12EA40D9E00E88B83 /* SimpleFocusWidgetExtension.appex */;
			productType = "com.apple.product-type.app-extension";
		};
/* End PBXNativeTarget section */

/* Begin PBXProject section */
		FD22C4572EA2D3A900E88B83 /* Project object */ = {
			isa = PBXProject;
			attributes = {
				BuildIndependentTargetsInParallel = 1;
				LastSwiftUpdateCheck = 2600;
				LastUpgradeCheck = 2600;
				TargetAttributes = {
					FD22C45E2EA2D3A900E88B83 = {
						CreatedOnToolsVersion = 26.0.1;
					};
					FD22C46B2EA2D3AB00E88B83 = {
						CreatedOnToolsVersion = 26.0.1;
						TestTargetID = FD22C45E2EA2D3A900E88B83;
					};
					FD22C4752EA2D3AB00E88B83 = {
						CreatedOnToolsVersion = 26.0.1;
						TestTargetID = FD22C45E2EA2D3A900E88B83;
					};
					FD22C4B02EA40D9E00E88B83 = {
						CreatedOnToolsVersion = 26.0.1;
					};
				};
			};
			buildConfigurationList = FD22C45A2EA2D3A900E88B83 /* Build configuration list for PBXProject "SimpleFocus" */;
			developmentRegion = en;
			hasScannedForEncodings = 0;
			knownRegions = (
				en,
				Base,
			);
			mainGroup = FD22C4562EA2D3A900E88B83;
			minimizedProjectReferenceProxies = 1;
			preferredProjectObjectVersion = 77;
			productRefGroup = FD22C4602EA2D3A900E88B83 /* Products */;
			projectDirPath = "";
			projectRoot = "";
			targets = (
				FD22C45E2EA2D3A900E88B83 /* SimpleFocus */,
				FD22C46B2EA2D3AB00E88B83 /* SimpleFocusTests */,
				FD22C4752EA2D3AB00E88B83 /* SimpleFocusUITests */,
				FD22C4B02EA40D9E00E88B83 /* SimpleFocusWidgetExtension */,
			);
		};
/* End PBXProject section */

/* Begin PBXResourcesBuildPhase section */
		FD22C45D2EA2D3A900E88B83 /* Resources */ = {
			isa = PBXResourcesBuildPhase;
			buildActionMask = 2147483647;
			files = (
			);
			runOnlyForDeploymentPostprocessing = 0;
		};
		FD22C46A2EA2D3AB00E88B83 /* Resources */ = {
			isa = PBXResourcesBuildPhase;
			buildActionMask = 2147483647;
			files = (
			);
			runOnlyForDeploymentPostprocessing = 0;
		};
		FD22C4742EA2D3AB00E88B83 /* Resources */ = {
			isa = PBXResourcesBuildPhase;
			buildActionMask = 2147483647;
			files = (
			);
			runOnlyForDeploymentPostprocessing = 0;
		};
		FD22C4AF2EA40D9E00E88B83 /* Resources */ = {
			isa = PBXResourcesBuildPhase;
			buildActionMask = 2147483647;
			files = (
			);
			runOnlyForDeploymentPostprocessing = 0;
		};
/* End PBXResourcesBuildPhase section */

/* Begin PBXSourcesBuildPhase section */
		FD22C45B2EA2D3A900E88B83 /* Sources */ = {
			isa = PBXSourcesBuildPhase;
			buildActionMask = 2147483647;
			files = (
			);
			runOnlyForDeploymentPostprocessing = 0;
		};
		FD22C4682EA2D3AB00E88B83 /* Sources */ = {
			isa = PBXSourcesBuildPhase;
			buildActionMask = 2147483647;
			files = (
			);
			runOnlyForDeploymentPostprocessing = 0;
		};
		FD22C4722EA2D3AB00E88B83 /* Sources */ = {
			isa = PBXSourcesBuildPhase;
			buildActionMask = 2147483647;
			files = (
			);
			runOnlyForDeploymentPostprocessing = 0;
		};
		FD22C4AD2EA40D9E00E88B83 /* Sources */ = {
			isa = PBXSourcesBuildPhase;
			buildActionMask = 2147483647;
			files = (
			);
			runOnlyForDeploymentPostprocessing = 0;
		};
/* End PBXSourcesBuildPhase section */

/* Begin PBXTargetDependency section */
		FD22C46E2EA2D3AB00E88B83 /* PBXTargetDependency */ = {
			isa = PBXTargetDependency;
			target = FD22C45E2EA2D3A900E88B83 /* SimpleFocus */;
			targetProxy = FD22C46D2EA2D3AB00E88B83 /* PBXContainerItemProxy */;
		};
		FD22C4782EA2D3AB00E88B83 /* PBXTargetDependency */ = {
			isa = PBXTargetDependency;
			target = FD22C45E2EA2D3A900E88B83 /* SimpleFocus */;
			targetProxy = FD22C4772EA2D3AB00E88B83 /* PBXContainerItemProxy */;
		};
		FD22C4C42EA40DA000E88B83 /* PBXTargetDependency */ = {
			isa = PBXTargetDependency;
			target = FD22C4B02EA40D9E00E88B83 /* SimpleFocusWidgetExtension */;
			targetProxy = FD22C4C32EA40DA000E88B83 /* PBXContainerItemProxy */;
		};
/* End PBXTargetDependency section */

/* Begin XCBuildConfiguration section */
		FD22C47E2EA2D3AB00E88B83 /* Debug */ = {
			isa = XCBuildConfiguration;
			buildSettings = {
				ALWAYS_SEARCH_USER_PATHS = NO;
				ASSETCATALOG_COMPILER_GENERATE_SWIFT_ASSET_SYMBOL_EXTENSIONS = YES;
				CLANG_ANALYZER_NONNULL = YES;
				CLANG_ANALYZER_NUMBER_OBJECT_CONVERSION = YES_AGGRESSIVE;
				CLANG_CXX_LANGUAGE_STANDARD = "gnu++20";
				CLANG_ENABLE_MODULES = YES;
				CLANG_ENABLE_OBJC_ARC = YES;
				CLANG_ENABLE_OBJC_WEAK = YES;
				CLANG_WARN_BLOCK_CAPTURE_AUTORELEASING = YES;
				CLANG_WARN_BOOL_CONVERSION = YES;
				CLANG_WARN_COMMA = YES;
				CLANG_WARN_CONSTANT_CONVERSION = YES;
				CLANG_WARN_DEPRECATED_OBJC_IMPLEMENTATIONS = YES;
				CLANG_WARN_DIRECT_OBJC_ISA_USAGE = YES_ERROR;
				CLANG_WARN_DOCUMENTATION_COMMENTS = YES;
				CLANG_WARN_EMPTY_BODY = YES;
				CLANG_WARN_ENUM_CONVERSION = YES;
				CLANG_WARN_INFINITE_RECURSION = YES;
				CLANG_WARN_INT_CONVERSION = YES;
				CLANG_WARN_NON_LITERAL_NULL_CONVERSION = YES;
				CLANG_WARN_OBJC_IMPLICIT_RETAIN_SELF = YES;
				CLANG_WARN_OBJC_LITERAL_CONVERSION = YES;
				CLANG_WARN_OBJC_ROOT_CLASS = YES_ERROR;
				CLANG_WARN_QUOTED_INCLUDE_IN_FRAMEWORK_HEADER = YES;
				CLANG_WARN_RANGE_LOOP_ANALYSIS = YES;
				CLANG_WARN_STRICT_PROTOTYPES = YES;
				CLANG_WARN_SUSPICIOUS_MOVE = YES;
				CLANG_WARN_UNGUARDED_AVAILABILITY = YES_AGGRESSIVE;
				CLANG_WARN_UNREACHABLE_CODE = YES;
				CLANG_WARN__DUPLICATE_METHOD_MATCH = YES;
				COPY_PHASE_STRIP = NO;
				DEBUG_INFORMATION_FORMAT = dwarf;
				DEVELOPMENT_TEAM = CS89D8T86T;
				ENABLE_STRICT_OBJC_MSGSEND = YES;
				ENABLE_TESTABILITY = YES;
				ENABLE_USER_SCRIPT_SANDBOXING = YES;
				GCC_C_LANGUAGE_STANDARD = gnu17;
				GCC_DYNAMIC_NO_PIC = NO;
				GCC_NO_COMMON_BLOCKS = YES;
				GCC_OPTIMIZATION_LEVEL = 0;
				GCC_PREPROCESSOR_DEFINITIONS = (
					"DEBUG=1",
					"$(inherited)",
				);
				GCC_WARN_64_TO_32_BIT_CONVERSION = YES;
				GCC_WARN_ABOUT_RETURN_TYPE = YES_ERROR;
				GCC_WARN_UNDECLARED_SELECTOR = YES;
				GCC_WARN_UNINITIALIZED_AUTOS = YES_AGGRESSIVE;
				GCC_WARN_UNUSED_FUNCTION = YES;
				GCC_WARN_UNUSED_VARIABLE = YES;
				IPHONEOS_DEPLOYMENT_TARGET = 26.0;
				LOCALIZATION_PREFERS_STRING_CATALOGS = YES;
				MTL_ENABLE_DEBUG_INFO = INCLUDE_SOURCE;
				MTL_FAST_MATH = YES;
				ONLY_ACTIVE_ARCH = YES;
				SDKROOT = iphoneos;
				SWIFT_ACTIVE_COMPILATION_CONDITIONS = "DEBUG $(inherited)";
				SWIFT_OPTIMIZATION_LEVEL = "-Onone";
			};
			name = Debug;
		};
		FD22C47F2EA2D3AB00E88B83 /* Release */ = {
			isa = XCBuildConfiguration;
			buildSettings = {
				ALWAYS_SEARCH_USER_PATHS = NO;
				ASSETCATALOG_COMPILER_GENERATE_SWIFT_ASSET_SYMBOL_EXTENSIONS = YES;
				CLANG_ANALYZER_NONNULL = YES;
				CLANG_ANALYZER_NUMBER_OBJECT_CONVERSION = YES_AGGRESSIVE;
				CLANG_CXX_LANGUAGE_STANDARD = "gnu++20";
				CLANG_ENABLE_MODULES = YES;
				CLANG_ENABLE_OBJC_ARC = YES;
				CLANG_ENABLE_OBJC_WEAK = YES;
				CLANG_WARN_BLOCK_CAPTURE_AUTORELEASING = YES;
				CLANG_WARN_BOOL_CONVERSION = YES;
				CLANG_WARN_COMMA = YES;
				CLANG_WARN_CONSTANT_CONVERSION = YES;
				CLANG_WARN_DEPRECATED_OBJC_IMPLEMENTATIONS = YES;
				CLANG_WARN_DIRECT_OBJC_ISA_USAGE = YES_ERROR;
				CLANG_WARN_DOCUMENTATION_COMMENTS = YES;
				CLANG_WARN_EMPTY_BODY = YES;
				CLANG_WARN_ENUM_CONVERSION = YES;
				CLANG_WARN_INFINITE_RECURSION = YES;
				CLANG_WARN_INT_CONVERSION = YES;
				CLANG_WARN_NON_LITERAL_NULL_CONVERSION = YES;
				CLANG_WARN_OBJC_IMPLICIT_RETAIN_SELF = YES;
				CLANG_WARN_OBJC_LITERAL_CONVERSION = YES;
				CLANG_WARN_OBJC_ROOT_CLASS = YES_ERROR;
				CLANG_WARN_QUOTED_INCLUDE_IN_FRAMEWORK_HEADER = YES;
				CLANG_WARN_RANGE_LOOP_ANALYSIS = YES;
				CLANG_WARN_STRICT_PROTOTYPES = YES;
				CLANG_WARN_SUSPICIOUS_MOVE = YES;
				CLANG_WARN_UNGUARDED_AVAILABILITY = YES_AGGRESSIVE;
				CLANG_WARN_UNREACHABLE_CODE = YES;
				CLANG_WARN__DUPLICATE_METHOD_MATCH = YES;
				COPY_PHASE_STRIP = NO;
				DEBUG_INFORMATION_FORMAT = "dwarf-with-dsym";
				DEVELOPMENT_TEAM = CS89D8T86T;
				ENABLE_NS_ASSERTIONS = NO;
				ENABLE_STRICT_OBJC_MSGSEND = YES;
				ENABLE_USER_SCRIPT_SANDBOXING = YES;
				GCC_C_LANGUAGE_STANDARD = gnu17;
				GCC_NO_COMMON_BLOCKS = YES;
				GCC_WARN_64_TO_32_BIT_CONVERSION = YES;
				GCC_WARN_ABOUT_RETURN_TYPE = YES_ERROR;
				GCC_WARN_UNDECLARED_SELECTOR = YES;
				GCC_WARN_UNINITIALIZED_AUTOS = YES_AGGRESSIVE;
				GCC_WARN_UNUSED_FUNCTION = YES;
				GCC_WARN_UNUSED_VARIABLE = YES;
				IPHONEOS_DEPLOYMENT_TARGET = 26.0;
				LOCALIZATION_PREFERS_STRING_CATALOGS = YES;
				MTL_ENABLE_DEBUG_INFO = NO;
				MTL_FAST_MATH = YES;
				SDKROOT = iphoneos;
				SWIFT_COMPILATION_MODE = wholemodule;
				VALIDATE_PRODUCT = YES;
			};
			name = Release;
		};
		FD22C4812EA2D3AB00E88B83 /* Debug */ = {
			isa = XCBuildConfiguration;
			buildSettings = {
				ASSETCATALOG_COMPILER_APPICON_NAME = AppIcon;
				ASSETCATALOG_COMPILER_GLOBAL_ACCENT_COLOR_NAME = AccentColor;
				CODE_SIGN_ENTITLEMENTS = SimpleFocus/SimpleFocus.entitlements;
				CODE_SIGN_STYLE = Automatic;
				CURRENT_PROJECT_VERSION = 1;
				DEVELOPMENT_TEAM = CS89D8T86T;
				ENABLE_PREVIEWS = YES;
				GENERATE_INFOPLIST_FILE = YES;
				INFOPLIST_KEY_UIApplicationSceneManifest_Generation = YES;
				INFOPLIST_KEY_UIApplicationSupportsIndirectInputEvents = YES;
				INFOPLIST_KEY_UILaunchScreen_Generation = YES;
				INFOPLIST_KEY_UISupportedInterfaceOrientations_iPad = "UIInterfaceOrientationPortrait UIInterfaceOrientationPortraitUpsideDown UIInterfaceOrientationLandscapeLeft UIInterfaceOrientationLandscapeRight";
				INFOPLIST_KEY_UISupportedInterfaceOrientations_iPhone = "UIInterfaceOrientationPortrait UIInterfaceOrientationLandscapeLeft UIInterfaceOrientationLandscapeRight";
				LD_RUNPATH_SEARCH_PATHS = (
					"$(inherited)",
					"@executable_path/Frameworks",
				);
				MARKETING_VERSION = 1.0;
				PRODUCT_BUNDLE_IDENTIFIER = com.zifengguo.SimpleFocus;
				PRODUCT_NAME = "$(TARGET_NAME)";
				STRING_CATALOG_GENERATE_SYMBOLS = YES;
				SWIFT_APPROACHABLE_CONCURRENCY = YES;
				SWIFT_DEFAULT_ACTOR_ISOLATION = MainActor;
				SWIFT_EMIT_LOC_STRINGS = YES;
				SWIFT_UPCOMING_FEATURE_MEMBER_IMPORT_VISIBILITY = YES;
				SWIFT_VERSION = 5.0;
				TARGETED_DEVICE_FAMILY = "1,2";
			};
			name = Debug;
		};
		FD22C4822EA2D3AB00E88B83 /* Release */ = {
			isa = XCBuildConfiguration;
			buildSettings = {
				ASSETCATALOG_COMPILER_APPICON_NAME = AppIcon;
				ASSETCATALOG_COMPILER_GLOBAL_ACCENT_COLOR_NAME = AccentColor;
				CODE_SIGN_ENTITLEMENTS = SimpleFocus/SimpleFocus.entitlements;
				CODE_SIGN_STYLE = Automatic;
				CURRENT_PROJECT_VERSION = 1;
				DEVELOPMENT_TEAM = CS89D8T86T;
				ENABLE_PREVIEWS = YES;
				GENERATE_INFOPLIST_FILE = YES;
				INFOPLIST_KEY_UIApplicationSceneManifest_Generation = YES;
				INFOPLIST_KEY_UIApplicationSupportsIndirectInputEvents = YES;
				INFOPLIST_KEY_UILaunchScreen_Generation = YES;
				INFOPLIST_KEY_UISupportedInterfaceOrientations_iPad = "UIInterfaceOrientationPortrait UIInterfaceOrientationPortraitUpsideDown UIInterfaceOrientationLandscapeLeft UIInterfaceOrientationLandscapeRight";
				INFOPLIST_KEY_UISupportedInterfaceOrientations_iPhone = "UIInterfaceOrientationPortrait UIInterfaceOrientationLandscapeLeft UIInterfaceOrientationLandscapeRight";
				LD_RUNPATH_SEARCH_PATHS = (
					"$(inherited)",
					"@executable_path/Frameworks",
				);
				MARKETING_VERSION = 1.0;
				PRODUCT_BUNDLE_IDENTIFIER = com.zifengguo.SimpleFocus;
				PRODUCT_NAME = "$(TARGET_NAME)";
				STRING_CATALOG_GENERATE_SYMBOLS = YES;
				SWIFT_APPROACHABLE_CONCURRENCY = YES;
				SWIFT_DEFAULT_ACTOR_ISOLATION = MainActor;
				SWIFT_EMIT_LOC_STRINGS = YES;
				SWIFT_UPCOMING_FEATURE_MEMBER_IMPORT_VISIBILITY = YES;
				SWIFT_VERSION = 5.0;
				TARGETED_DEVICE_FAMILY = "1,2";
			};
			name = Release;
		};
		FD22C4842EA2D3AB00E88B83 /* Debug */ = {
			isa = XCBuildConfiguration;
			buildSettings = {
				BUNDLE_LOADER = "$(TEST_HOST)";
				CODE_SIGN_STYLE = Automatic;
				CURRENT_PROJECT_VERSION = 1;
				DEVELOPMENT_TEAM = CS89D8T86T;
				GENERATE_INFOPLIST_FILE = YES;
				IPHONEOS_DEPLOYMENT_TARGET = 26.0;
				MARKETING_VERSION = 1.0;
				PRODUCT_BUNDLE_IDENTIFIER = com.zifengguo.SimpleFocusTests;
				PRODUCT_NAME = "$(TARGET_NAME)";
				STRING_CATALOG_GENERATE_SYMBOLS = NO;
				SWIFT_APPROACHABLE_CONCURRENCY = YES;
				SWIFT_EMIT_LOC_STRINGS = NO;
				SWIFT_UPCOMING_FEATURE_MEMBER_IMPORT_VISIBILITY = YES;
				SWIFT_VERSION = 5.0;
				TARGETED_DEVICE_FAMILY = "1,2";
				TEST_HOST = "$(BUILT_PRODUCTS_DIR)/SimpleFocus.app/$(BUNDLE_EXECUTABLE_FOLDER_PATH)/SimpleFocus";
			};
			name = Debug;
		};
		FD22C4852EA2D3AB00E88B83 /* Release */ = {
			isa = XCBuildConfiguration;
			buildSettings = {
				BUNDLE_LOADER = "$(TEST_HOST)";
				CODE_SIGN_STYLE = Automatic;
				CURRENT_PROJECT_VERSION = 1;
				DEVELOPMENT_TEAM = CS89D8T86T;
				GENERATE_INFOPLIST_FILE = YES;
				IPHONEOS_DEPLOYMENT_TARGET = 26.0;
				MARKETING_VERSION = 1.0;
				PRODUCT_BUNDLE_IDENTIFIER = com.zifengguo.SimpleFocusTests;
				PRODUCT_NAME = "$(TARGET_NAME)";
				STRING_CATALOG_GENERATE_SYMBOLS = NO;
				SWIFT_APPROACHABLE_CONCURRENCY = YES;
				SWIFT_EMIT_LOC_STRINGS = NO;
				SWIFT_UPCOMING_FEATURE_MEMBER_IMPORT_VISIBILITY = YES;
				SWIFT_VERSION = 5.0;
				TARGETED_DEVICE_FAMILY = "1,2";
				TEST_HOST = "$(BUILT_PRODUCTS_DIR)/SimpleFocus.app/$(BUNDLE_EXECUTABLE_FOLDER_PATH)/SimpleFocus";
			};
			name = Release;
		};
		FD22C4872EA2D3AB00E88B83 /* Debug */ = {
			isa = XCBuildConfiguration;
			buildSettings = {
				CODE_SIGN_STYLE = Automatic;
				CURRENT_PROJECT_VERSION = 1;
				DEVELOPMENT_TEAM = CS89D8T86T;
				GENERATE_INFOPLIST_FILE = YES;
				MARKETING_VERSION = 1.0;
				PRODUCT_BUNDLE_IDENTIFIER = com.zifengguo.SimpleFocusUITests;
				PRODUCT_NAME = "$(TARGET_NAME)";
				STRING_CATALOG_GENERATE_SYMBOLS = NO;
				SWIFT_APPROACHABLE_CONCURRENCY = YES;
				SWIFT_EMIT_LOC_STRINGS = NO;
				SWIFT_UPCOMING_FEATURE_MEMBER_IMPORT_VISIBILITY = YES;
				SWIFT_VERSION = 5.0;
				TARGETED_DEVICE_FAMILY = "1,2";
				TEST_TARGET_NAME = SimpleFocus;
			};
			name = Debug;
		};
		FD22C4882EA2D3AB00E88B83 /* Release */ = {
			isa = XCBuildConfiguration;
			buildSettings = {
				CODE_SIGN_STYLE = Automatic;
				CURRENT_PROJECT_VERSION = 1;
				DEVELOPMENT_TEAM = CS89D8T86T;
				GENERATE_INFOPLIST_FILE = YES;
				MARKETING_VERSION = 1.0;
				PRODUCT_BUNDLE_IDENTIFIER = com.zifengguo.SimpleFocusUITests;
				PRODUCT_NAME = "$(TARGET_NAME)";
				STRING_CATALOG_GENERATE_SYMBOLS = NO;
				SWIFT_APPROACHABLE_CONCURRENCY = YES;
				SWIFT_EMIT_LOC_STRINGS = NO;
				SWIFT_UPCOMING_FEATURE_MEMBER_IMPORT_VISIBILITY = YES;
				SWIFT_VERSION = 5.0;
				TARGETED_DEVICE_FAMILY = "1,2";
				TEST_TARGET_NAME = SimpleFocus;
			};
			name = Release;
		};
		FD22C4C82EA40DA000E88B83 /* Debug */ = {
			isa = XCBuildConfiguration;
			buildSettings = {
				ASSETCATALOG_COMPILER_GLOBAL_ACCENT_COLOR_NAME = AccentColor;
				ASSETCATALOG_COMPILER_WIDGET_BACKGROUND_COLOR_NAME = WidgetBackground;
				CODE_SIGN_ENTITLEMENTS = SimpleFocusWidgetExtension.entitlements;
				CODE_SIGN_STYLE = Automatic;
				CURRENT_PROJECT_VERSION = 1;
				DEVELOPMENT_TEAM = CS89D8T86T;
				GENERATE_INFOPLIST_FILE = YES;
				INFOPLIST_FILE = SimpleFocusWidget/Info.plist;
				INFOPLIST_KEY_CFBundleDisplayName = SimpleFocusWidget;
				INFOPLIST_KEY_NSHumanReadableCopyright = "";
				LD_RUNPATH_SEARCH_PATHS = (
					"$(inherited)",
					"@executable_path/Frameworks",
					"@executable_path/../../Frameworks",
				);
				MARKETING_VERSION = 1.0;
				PRODUCT_BUNDLE_IDENTIFIER = com.zifengguo.SimpleFocus.SimpleFocusWidget;
				PRODUCT_NAME = "$(TARGET_NAME)";
				SKIP_INSTALL = YES;
				STRING_CATALOG_GENERATE_SYMBOLS = YES;
				SWIFT_APPROACHABLE_CONCURRENCY = YES;
				SWIFT_EMIT_LOC_STRINGS = YES;
				SWIFT_UPCOMING_FEATURE_MEMBER_IMPORT_VISIBILITY = YES;
				SWIFT_VERSION = 5.0;
				TARGETED_DEVICE_FAMILY = "1,2";
			};
			name = Debug;
		};
		FD22C4C92EA40DA000E88B83 /* Release */ = {
			isa = XCBuildConfiguration;
			buildSettings = {
				ASSETCATALOG_COMPILER_GLOBAL_ACCENT_COLOR_NAME = AccentColor;
				ASSETCATALOG_COMPILER_WIDGET_BACKGROUND_COLOR_NAME = WidgetBackground;
				CODE_SIGN_ENTITLEMENTS = SimpleFocusWidgetExtension.entitlements;
				CODE_SIGN_STYLE = Automatic;
				CURRENT_PROJECT_VERSION = 1;
				DEVELOPMENT_TEAM = CS89D8T86T;
				GENERATE_INFOPLIST_FILE = YES;
				INFOPLIST_FILE = SimpleFocusWidget/Info.plist;
				INFOPLIST_KEY_CFBundleDisplayName = SimpleFocusWidget;
				INFOPLIST_KEY_NSHumanReadableCopyright = "";
				LD_RUNPATH_SEARCH_PATHS = (
					"$(inherited)",
					"@executable_path/Frameworks",
					"@executable_path/../../Frameworks",
				);
				MARKETING_VERSION = 1.0;
				PRODUCT_BUNDLE_IDENTIFIER = com.zifengguo.SimpleFocus.SimpleFocusWidget;
				PRODUCT_NAME = "$(TARGET_NAME)";
				SKIP_INSTALL = YES;
				STRING_CATALOG_GENERATE_SYMBOLS = YES;
				SWIFT_APPROACHABLE_CONCURRENCY = YES;
				SWIFT_EMIT_LOC_STRINGS = YES;
				SWIFT_UPCOMING_FEATURE_MEMBER_IMPORT_VISIBILITY = YES;
				SWIFT_VERSION = 5.0;
				TARGETED_DEVICE_FAMILY = "1,2";
			};
			name = Release;
		};
/* End XCBuildConfiguration section */

/* Begin XCConfigurationList section */
		FD22C45A2EA2D3A900E88B83 /* Build configuration list for PBXProject "SimpleFocus" */ = {
			isa = XCConfigurationList;
			buildConfigurations = (
				FD22C47E2EA2D3AB00E88B83 /* Debug */,
				FD22C47F2EA2D3AB00E88B83 /* Release */,
			);
			defaultConfigurationIsVisible = 0;
			defaultConfigurationName = Release;
		};
		FD22C4802EA2D3AB00E88B83 /* Build configuration list for PBXNativeTarget "SimpleFocus" */ = {
			isa = XCConfigurationList;
			buildConfigurations = (
				FD22C4812EA2D3AB00E88B83 /* Debug */,
				FD22C4822EA2D3AB00E88B83 /* Release */,
			);
			defaultConfigurationIsVisible = 0;
			defaultConfigurationName = Release;
		};
		FD22C4832EA2D3AB00E88B83 /* Build configuration list for PBXNativeTarget "SimpleFocusTests" */ = {
			isa = XCConfigurationList;
			buildConfigurations = (
				FD22C4842EA2D3AB00E88B83 /* Debug */,
				FD22C4852EA2D3AB00E88B83 /* Release */,
			);
			defaultConfigurationIsVisible = 0;
			defaultConfigurationName = Release;
		};
		FD22C4862EA2D3AB00E88B83 /* Build configuration list for PBXNativeTarget "SimpleFocusUITests" */ = {
			isa = XCConfigurationList;
			buildConfigurations = (
				FD22C4872EA2D3AB00E88B83 /* Debug */,
				FD22C4882EA2D3AB00E88B83 /* Release */,
			);
			defaultConfigurationIsVisible = 0;
			defaultConfigurationName = Release;
		};
		FD22C4C72EA40DA000E88B83 /* Build configuration list for PBXNativeTarget "SimpleFocusWidgetExtension" */ = {
			isa = XCConfigurationList;
			buildConfigurations = (
				FD22C4C82EA40DA000E88B83 /* Debug */,
				FD22C4C92EA40DA000E88B83 /* Release */,
			);
			defaultConfigurationIsVisible = 0;
			defaultConfigurationName = Release;
		};
/* End XCConfigurationList section */
	};
	rootObject = FD22C4572EA2D3A900E88B83 /* Project object */;
}
